
Microsoft Visual Studio Solution File, Format Version 12.00
# Visual Studio Version 17
VisualStudioVersion = 17.3.32804.467
MinimumVisualStudioVersion = 10.0.40219.1
Project("{9A19103F-16F7-4668-BE54-9A1E7A4F7556}") = "GlobalObjects", "GlobalObjects\GlobalObjects.csproj", "{BE1FC276-DD3C-4E11-9DC1-8A37A992603A}"
EndProject
Project("{9A19103F-16F7-4668-BE54-9A1E7A4F7556}") = "CsvTool", "CsvTool\CsvTool.csproj", "{CA7A356C-E003-4581-929F-37ED5A232AD3}"
EndProject
Project("{9A19103F-16F7-4668-BE54-9A1E7A4F7556}") = "DataTransformer", "DataTransformer\DataTransformer.csproj", "{64094672-BF88-47B8-A7B0-56B947CFA0BE}"
EndProject
Global
	GlobalSection(SolutionConfigurationPlatforms) = preSolution
		Debug|Any CPU = Debug|Any CPU
		Release|Any CPU = Release|Any CPU
	EndGlobalSection
	GlobalSection(ProjectConfigurationPlatforms) = postSolution
		{BE1FC276-DD3C-4E11-9DC1-8A37A992603A}.Debug|Any CPU.ActiveCfg = Debug|Any CPU
		{BE1FC276-DD3C-4E11-9DC1-8A37A992603A}.Debug|Any CPU.Build.0 = Debug|Any CPU
		{BE1FC276-DD3C-4E11-9DC1-8A37A992603A}.Release|Any CPU.ActiveCfg = Release|Any CPU
		{BE1FC276-DD3C-4E11-9DC1-8A37A992603A}.Release|Any CPU.Build.0 = Release|Any CPU
		{CA7A356C-E003-4581-929F-37ED5A232AD3}.Debug|Any CPU.ActiveCfg = Debug|Any CPU
		{CA7A356C-E003-4581-929F-37ED5A232AD3}.Debug|Any CPU.Build.0 = Debug|Any CPU
		{CA7A356C-E003-4581-929F-37ED5A232AD3}.Release|Any CPU.ActiveCfg = Release|Any CPU
		{CA7A356C-E003-4581-929F-37ED5A232AD3}.Release|Any CPU.Build.0 = Release|Any CPU
		{64094672-BF88-47B8-A7B0-56B947CFA0BE}.Debug|Any CPU.ActiveCfg = Debug|Any CPU
		{64094672-BF88-47B8-A7B0-56B947CFA0BE}.Debug|Any CPU.Build.0 = Debug|Any CPU
		{64094672-BF88-47B8-A7B0-56B947CFA0BE}.Release|Any CPU.ActiveCfg = Release|Any CPU
		{64094672-BF88-47B8-A7B0-56B947CFA0BE}.Release|Any CPU.Build.0 = Release|Any CPU
	EndGlobalSection
	GlobalSection(SolutionProperties) = preSolution
		HideSolutionNode = FALSE
	EndGlobalSection
	GlobalSection(ExtensibilityGlobals) = postSolution
		SolutionGuid = {D9A7003C-C73D-40CF-AC1F-DC07B3A73398}
	EndGlobalSection
EndGlobal
